
Microsoft Visual Studio Solution File, Format Version 12.00
# Visual Studio Version 17
VisualStudioVersion = 17.1.32210.238
MinimumVisualStudioVersion = 10.0.40219.1
Project("{FAE04EC0-301F-11D3-BF4B-00C04F79EFBC}") = "tanksgame", "WindowsFormsApplication2\tanksgame.csproj", "{84A13D41-724F-4748-BBFB-C6769765A821}"
EndProject
Global
	GlobalSection(SolutionConfigurationPlatforms) = preSolution
		Debug|Any CPU = Debug|Any CPU
		Release|Any CPU = Release|Any CPU
	EndGlobalSection
	GlobalSection(ProjectConfigurationPlatforms) = postSolution
		{84A13D41-724F-4748-BBFB-C6769765A821}.Debug|Any CPU.ActiveCfg = Debug|Any CPU
		{84A13D41-724F-4748-BBFB-C6769765A821}.Debug|Any CPU.Build.0 = Debug|Any CPU
		{84A13D41-724F-4748-BBFB-C6769765A821}.Release|Any CPU.ActiveCfg = Release|Any CPU
		{84A13D41-724F-4748-BBFB-C6769765A821}.Release|Any CPU.Build.0 = Release|Any CPU
	EndGlobalSection
	GlobalSection(SolutionProperties) = preSolution
		HideSolutionNode = FALSE
	EndGlobalSection
	GlobalSection(ExtensibilityGlobals) = postSolution
		SolutionGuid = {2F1E9E10-EEFE-4B8C-B488-7F3CD152FB82}
	EndGlobalSection
EndGlobal
